
Microsoft Visual Studio Solution File, Format Version 12.00
# Visual Studio Version 17
VisualStudioVersion = 17.4.33110.190
MinimumVisualStudioVersion = 10.0.40219.1
Project("{9A19103F-16F7-4668-BE54-9A1E7A4F7556}") = "Nine.Design.Client", "Nine.Design.Client\Nine.Design.Client.csproj", "{BA9D0810-2517-489A-B3B3-B2F71A7B5EE7}"
EndProject
Project("{FAE04EC0-301F-11D3-BF4B-00C04F79EFBC}") = "Nine.Design.Resource", "Nine.Design.Resource\Nine.Design.Resource.csproj", "{D2073C6C-DB68-4602-8FEC-B9290EBB8A4E}"
EndProject
Global
	GlobalSection(SolutionConfigurationPlatforms) = preSolution
		Debug|Any CPU = Debug|Any CPU
		Release|Any CPU = Release|Any CPU
	EndGlobalSection
	GlobalSection(ProjectConfigurationPlatforms) = postSolution
		{BA9D0810-2517-489A-B3B3-B2F71A7B5EE7}.Debug|Any CPU.ActiveCfg = Debug|Any CPU
		{BA9D0810-2517-489A-B3B3-B2F71A7B5EE7}.Debug|Any CPU.Build.0 = Debug|Any CPU
		{BA9D0810-2517-489A-B3B3-B2F71A7B5EE7}.Release|Any CPU.ActiveCfg = Release|Any CPU
		{BA9D0810-2517-489A-B3B3-B2F71A7B5EE7}.Release|Any CPU.Build.0 = Release|Any CPU
		{D2073C6C-DB68-4602-8FEC-B9290EBB8A4E}.Debug|Any CPU.ActiveCfg = Debug|Any CPU
		{D2073C6C-DB68-4602-8FEC-B9290EBB8A4E}.Debug|Any CPU.Build.0 = Debug|Any CPU
		{D2073C6C-DB68-4602-8FEC-B9290EBB8A4E}.Release|Any CPU.ActiveCfg = Release|Any CPU
		{D2073C6C-DB68-4602-8FEC-B9290EBB8A4E}.Release|Any CPU.Build.0 = Release|Any CPU
	EndGlobalSection
	GlobalSection(SolutionProperties) = preSolution
		HideSolutionNode = FALSE
	EndGlobalSection
	GlobalSection(ExtensibilityGlobals) = postSolution
		SolutionGuid = {002C1BD8-8B4F-4B6F-872A-6A4F9CB5C078}
	EndGlobalSection
EndGlobal
